# generated by rye
# use `rye lock` or `rye sync` to update this lockfile
#
# last locked with the following flags:
#   pre: false
#   features: []
#   all-features: false
#   with-sources: false
#   generate-hashes: false
#   universal: false

-e file:.
cffi==1.17.1
    # via wgpu
contourpy==1.3.1
    # via matplotlib
cycler==0.12.1
    # via matplotlib
fastplotlib==0.2.0
    # via aggregator
filterpy==1.4.5
    # via aggregator
fonttools==4.55.1
    # via matplotlib
freetype-py==2.5.1
    # via pygfx
jinja2==3.1.4
    # via pygfx
kiwisolver==1.4.7
    # via matplotlib
markupsafe==3.0.2
    # via jinja2
matplotlib==3.9.3
    # via aggregator
    # via filterpy
numpy==2.1.3
    # via contourpy
    # via fastplotlib
    # via filterpy
    # via matplotlib
    # via pygfx
    # via pylinalg
    # via scipy
packaging==24.2
    # via matplotlib
pillow==11.0.0
    # via matplotlib
pycparser==2.22
    # via cffi
pygfx==0.2.0
    # via fastplotlib
pylinalg==0.4.1
    # via pygfx
pyparsing==3.2.0
    # via matplotlib
pyserial==3.5
    # via aggregator
pyside6==6.8.1
    # via aggregator
pyside6-addons==6.8.1
    # via pyside6
pyside6-essentials==6.8.1
    # via pyside6
    # via pyside6-addons
python-dateutil==2.9.0.post0
    # via matplotlib
scipy==1.14.1
    # via filterpy
shiboken6==6.8.1
    # via pyside6
    # via pyside6-addons
    # via pyside6-essentials
six==1.16.0
    # via python-dateutil
uharfbuzz==0.43.0
    # via pygfx
wgpu==0.15.3
    # via fastplotlib
    # via pygfx
